
Microsoft Visual Studio Solution File, Format Version 12.00
Project("{FAE04EC0-301F-11D3-BF4B-00C04F79EFBC}") = "BasketService.Api", "src\BasketService.Api\BasketService.Api.csproj", "{1BD5E533-31CC-4266-922E-96123BAA262D}"
EndProject
Project("{2150E333-8FDC-42A3-9474-1A3956D46DE8}") = "Solution Items", "Solution Items", "{D7210AB6-4687-43EE-8D70-29D161484F3B}"
	ProjectSection(SolutionItems) = preProject
		compose.yaml = compose.yaml
		README.md = README.md
		openapi.yaml = openapi.yaml
		Directory.Packages.props = Directory.Packages.props
		Directory.Build.props = Directory.Build.props
	EndProjectSection
EndProject
Project("{2150E333-8FDC-42A3-9474-1A3956D46DE8}") = "tests", "tests", "{7E6D272D-4300-48E3-9F85-FD22BD714847}"
EndProject
Project("{FAE04EC0-301F-11D3-BF4B-00C04F79EFBC}") = "BasketService.Api.UnitTests", "tests\BasketService.Api.UnitTests\BasketService.Api.UnitTests.csproj", "{60855C4D-7D55-453B-AE80-7DAA059CBCEE}"
EndProject
Project("{FAE04EC0-301F-11D3-BF4B-00C04F79EFBC}") = "Application", "src\Application\Application.csproj", "{0F5460BE-C985-43F7-89F1-8C3F7748CBBA}"
EndProject
Project("{FAE04EC0-301F-11D3-BF4B-00C04F79EFBC}") = "Domain", "src\Domain\Domain.csproj", "{BDF65A76-4D1B-40F2-83DD-83FF0480575A}"
EndProject
Project("{FAE04EC0-301F-11D3-BF4B-00C04F79EFBC}") = "ProjectionWorker", "src\ProjectionWorker\ProjectionWorker.csproj", "{2BA0C200-7C0A-406C-B57B-3BB08A94E470}"
EndProject
Project("{2150E333-8FDC-42A3-9474-1A3956D46DE8}") = "Infrastructure", "src\Infrastructure", "{0B163788-D4DB-47E8-93A9-D503B9403822}"
EndProject
Project("{FAE04EC0-301F-11D3-BF4B-00C04F79EFBC}") = "CosmosDb", "src\Infrastructure\CosmosDb\CosmosDb.csproj", "{6D9B858A-7F81-4FBC-A764-3E9FFEFF753A}"
EndProject
Project("{FAE04EC0-301F-11D3-BF4B-00C04F79EFBC}") = "PricesApi", "src\Infrastructure\PricesApi\PricesApi.csproj", "{E4C38024-1287-4B30-9016-24BFFE8A8225}"
EndProject
Project("{FAE04EC0-301F-11D3-BF4B-00C04F79EFBC}") = "DiscountCodesApi", "src\Infrastructure\DiscountCodesApi\DiscountCodesApi.csproj", "{46112A78-66E8-4135-808C-67F304C3F9EF}"
EndProject
Project("{2150E333-8FDC-42A3-9474-1A3956D46DE8}") = "Infrastructure", "Infrastructure", "{1D175347-116D-4175-8E37-D7CF06DF8755}"
EndProject
Project("{FAE04EC0-301F-11D3-BF4B-00C04F79EFBC}") = "CosmosDb.UnitTests", "tests\CosmosDb.UnitTests\CosmosDb.UnitTests.csproj", "{C042214F-190D-478B-88CB-730FA5294148}"
EndProject
Project("{FAE04EC0-301F-11D3-BF4B-00C04F79EFBC}") = "BasketService.Api.IntegrationTests", "tests\BasketService.Api.IntegrationTests\BasketService.Api.IntegrationTests.csproj", "{F0942E58-5CD8-4FF6-99F1-920EFCA68088}"
EndProject
Project("{FAE04EC0-301F-11D3-BF4B-00C04F79EFBC}") = "ProjectionWorker.UnitTests", "tests\ProjectionWorker.UnitTests\ProjectionWorker.UnitTests.csproj", "{2A3D4F61-783C-455A-957F-BFA4E6B89BEE}"
EndProject
Project("{FAE04EC0-301F-11D3-BF4B-00C04F79EFBC}") = "Domain.UnitTests", "tests\Domain.UnitTests\Domain.UnitTests.csproj", "{0FCD927B-6059-44E8-8CD4-7A5742A3D65F}"
EndProject
Project("{FAE04EC0-301F-11D3-BF4B-00C04F79EFBC}") = "Application.UnitTests", "tests\Application.UnitTests\Application.UnitTests.csproj", "{92E67AAD-796F-4446-BDBF-038D77EC0771}"
EndProject
Global
	GlobalSection(SolutionConfigurationPlatforms) = preSolution
		Debug|Any CPU = Debug|Any CPU
		Release|Any CPU = Release|Any CPU
	EndGlobalSection
	GlobalSection(ProjectConfigurationPlatforms) = postSolution
		{1BD5E533-31CC-4266-922E-96123BAA262D}.Debug|Any CPU.ActiveCfg = Debug|Any CPU
		{1BD5E533-31CC-4266-922E-96123BAA262D}.Debug|Any CPU.Build.0 = Debug|Any CPU
		{1BD5E533-31CC-4266-922E-96123BAA262D}.Release|Any CPU.ActiveCfg = Release|Any CPU
		{1BD5E533-31CC-4266-922E-96123BAA262D}.Release|Any CPU.Build.0 = Release|Any CPU
		{60855C4D-7D55-453B-AE80-7DAA059CBCEE}.Debug|Any CPU.ActiveCfg = Debug|Any CPU
		{60855C4D-7D55-453B-AE80-7DAA059CBCEE}.Debug|Any CPU.Build.0 = Debug|Any CPU
		{60855C4D-7D55-453B-AE80-7DAA059CBCEE}.Release|Any CPU.ActiveCfg = Release|Any CPU
		{60855C4D-7D55-453B-AE80-7DAA059CBCEE}.Release|Any CPU.Build.0 = Release|Any CPU
		{0F5460BE-C985-43F7-89F1-8C3F7748CBBA}.Debug|Any CPU.ActiveCfg = Debug|Any CPU
		{0F5460BE-C985-43F7-89F1-8C3F7748CBBA}.Debug|Any CPU.Build.0 = Debug|Any CPU
		{0F5460BE-C985-43F7-89F1-8C3F7748CBBA}.Release|Any CPU.ActiveCfg = Release|Any CPU
		{0F5460BE-C985-43F7-89F1-8C3F7748CBBA}.Release|Any CPU.Build.0 = Release|Any CPU
		{BDF65A76-4D1B-40F2-83DD-83FF0480575A}.Debug|Any CPU.ActiveCfg = Debug|Any CPU
		{BDF65A76-4D1B-40F2-83DD-83FF0480575A}.Debug|Any CPU.Build.0 = Debug|Any CPU
		{BDF65A76-4D1B-40F2-83DD-83FF0480575A}.Release|Any CPU.ActiveCfg = Release|Any CPU
		{BDF65A76-4D1B-40F2-83DD-83FF0480575A}.Release|Any CPU.Build.0 = Release|Any CPU
		{2BA0C200-7C0A-406C-B57B-3BB08A94E470}.Debug|Any CPU.ActiveCfg = Debug|Any CPU
		{2BA0C200-7C0A-406C-B57B-3BB08A94E470}.Debug|Any CPU.Build.0 = Debug|Any CPU
		{2BA0C200-7C0A-406C-B57B-3BB08A94E470}.Release|Any CPU.ActiveCfg = Release|Any CPU
		{2BA0C200-7C0A-406C-B57B-3BB08A94E470}.Release|Any CPU.Build.0 = Release|Any CPU
		{6D9B858A-7F81-4FBC-A764-3E9FFEFF753A}.Debug|Any CPU.ActiveCfg = Debug|Any CPU
		{6D9B858A-7F81-4FBC-A764-3E9FFEFF753A}.Debug|Any CPU.Build.0 = Debug|Any CPU
		{6D9B858A-7F81-4FBC-A764-3E9FFEFF753A}.Release|Any CPU.ActiveCfg = Release|Any CPU
		{6D9B858A-7F81-4FBC-A764-3E9FFEFF753A}.Release|Any CPU.Build.0 = Release|Any CPU
		{E4C38024-1287-4B30-9016-24BFFE8A8225}.Debug|Any CPU.ActiveCfg = Debug|Any CPU
		{E4C38024-1287-4B30-9016-24BFFE8A8225}.Debug|Any CPU.Build.0 = Debug|Any CPU
		{E4C38024-1287-4B30-9016-24BFFE8A8225}.Release|Any CPU.ActiveCfg = Release|Any CPU
		{E4C38024-1287-4B30-9016-24BFFE8A8225}.Release|Any CPU.Build.0 = Release|Any CPU
		{46112A78-66E8-4135-808C-67F304C3F9EF}.Debug|Any CPU.ActiveCfg = Debug|Any CPU
		{46112A78-66E8-4135-808C-67F304C3F9EF}.Debug|Any CPU.Build.0 = Debug|Any CPU
		{46112A78-66E8-4135-808C-67F304C3F9EF}.Release|Any CPU.ActiveCfg = Release|Any CPU
		{46112A78-66E8-4135-808C-67F304C3F9EF}.Release|Any CPU.Build.0 = Release|Any CPU
		{C042214F-190D-478B-88CB-730FA5294148}.Debug|Any CPU.ActiveCfg = Debug|Any CPU
		{C042214F-190D-478B-88CB-730FA5294148}.Debug|Any CPU.Build.0 = Debug|Any CPU
		{C042214F-190D-478B-88CB-730FA5294148}.Release|Any CPU.ActiveCfg = Release|Any CPU
		{C042214F-190D-478B-88CB-730FA5294148}.Release|Any CPU.Build.0 = Release|Any CPU
		{F0942E58-5CD8-4FF6-99F1-920EFCA68088}.Debug|Any CPU.ActiveCfg = Debug|Any CPU
		{F0942E58-5CD8-4FF6-99F1-920EFCA68088}.Debug|Any CPU.Build.0 = Debug|Any CPU
		{F0942E58-5CD8-4FF6-99F1-920EFCA68088}.Release|Any CPU.ActiveCfg = Release|Any CPU
		{F0942E58-5CD8-4FF6-99F1-920EFCA68088}.Release|Any CPU.Build.0 = Release|Any CPU
		{2A3D4F61-783C-455A-957F-BFA4E6B89BEE}.Debug|Any CPU.ActiveCfg = Debug|Any CPU
		{2A3D4F61-783C-455A-957F-BFA4E6B89BEE}.Debug|Any CPU.Build.0 = Debug|Any CPU
		{2A3D4F61-783C-455A-957F-BFA4E6B89BEE}.Release|Any CPU.ActiveCfg = Release|Any CPU
		{2A3D4F61-783C-455A-957F-BFA4E6B89BEE}.Release|Any CPU.Build.0 = Release|Any CPU
		{0FCD927B-6059-44E8-8CD4-7A5742A3D65F}.Debug|Any CPU.ActiveCfg = Debug|Any CPU
		{0FCD927B-6059-44E8-8CD4-7A5742A3D65F}.Debug|Any CPU.Build.0 = Debug|Any CPU
		{0FCD927B-6059-44E8-8CD4-7A5742A3D65F}.Release|Any CPU.ActiveCfg = Release|Any CPU
		{0FCD927B-6059-44E8-8CD4-7A5742A3D65F}.Release|Any CPU.Build.0 = Release|Any CPU
		{92E67AAD-796F-4446-BDBF-038D77EC0771}.Debug|Any CPU.ActiveCfg = Debug|Any CPU
		{92E67AAD-796F-4446-BDBF-038D77EC0771}.Debug|Any CPU.Build.0 = Debug|Any CPU
		{92E67AAD-796F-4446-BDBF-038D77EC0771}.Release|Any CPU.ActiveCfg = Release|Any CPU
		{92E67AAD-796F-4446-BDBF-038D77EC0771}.Release|Any CPU.Build.0 = Release|Any CPU
	EndGlobalSection
	GlobalSection(NestedProjects) = preSolution
		{60855C4D-7D55-453B-AE80-7DAA059CBCEE} = {7E6D272D-4300-48E3-9F85-FD22BD714847}
		{6D9B858A-7F81-4FBC-A764-3E9FFEFF753A} = {0B163788-D4DB-47E8-93A9-D503B9403822}
		{E4C38024-1287-4B30-9016-24BFFE8A8225} = {0B163788-D4DB-47E8-93A9-D503B9403822}
		{46112A78-66E8-4135-808C-67F304C3F9EF} = {0B163788-D4DB-47E8-93A9-D503B9403822}
		{1D175347-116D-4175-8E37-D7CF06DF8755} = {7E6D272D-4300-48E3-9F85-FD22BD714847}
		{C042214F-190D-478B-88CB-730FA5294148} = {1D175347-116D-4175-8E37-D7CF06DF8755}
		{F0942E58-5CD8-4FF6-99F1-920EFCA68088} = {7E6D272D-4300-48E3-9F85-FD22BD714847}
		{2A3D4F61-783C-455A-957F-BFA4E6B89BEE} = {7E6D272D-4300-48E3-9F85-FD22BD714847}
		{0FCD927B-6059-44E8-8CD4-7A5742A3D65F} = {7E6D272D-4300-48E3-9F85-FD22BD714847}
		{92E67AAD-796F-4446-BDBF-038D77EC0771} = {7E6D272D-4300-48E3-9F85-FD22BD714847}
	EndGlobalSection
EndGlobal
